
Microsoft Visual Studio Solution File, Format Version 12.00
# Visual Studio Version 16
VisualStudioVersion = 16.0.28822.285
MinimumVisualStudioVersion = 10.0.40219.1
Project("{FAE04EC0-301F-11D3-BF4B-00C04F79EFBC}") = "CodeCamp", "CodeCamp.csproj", "{D7E6B7CE-012F-4C7D-8214-A01836EF6658}"
EndProject
Project("{FAE04EC0-301F-11D3-BF4B-00C04F79EFBC}") = "CodeCamp.Tests", "..\CodeCamp.Tests\CodeCamp.Tests.csproj", "{9E3D9821-C9B9-49A3-B1B9-8BCC72F57EB5}"
EndProject
Global
	GlobalSection(SolutionConfigurationPlatforms) = preSolution
		Debug|Any CPU = Debug|Any CPU
		Release|Any CPU = Release|Any CPU
	EndGlobalSection
	GlobalSection(ProjectConfigurationPlatforms) = postSolution
		{D7E6B7CE-012F-4C7D-8214-A01836EF6658}.Debug|Any CPU.ActiveCfg = Debug|Any CPU
		{D7E6B7CE-012F-4C7D-8214-A01836EF6658}.Debug|Any CPU.Build.0 = Debug|Any CPU
		{D7E6B7CE-012F-4C7D-8214-A01836EF6658}.Release|Any CPU.ActiveCfg = Release|Any CPU
		{D7E6B7CE-012F-4C7D-8214-A01836EF6658}.Release|Any CPU.Build.0 = Release|Any CPU
		{9E3D9821-C9B9-49A3-B1B9-8BCC72F57EB5}.Debug|Any CPU.ActiveCfg = Debug|Any CPU
		{9E3D9821-C9B9-49A3-B1B9-8BCC72F57EB5}.Debug|Any CPU.Build.0 = Debug|Any CPU
		{9E3D9821-C9B9-49A3-B1B9-8BCC72F57EB5}.Release|Any CPU.ActiveCfg = Release|Any CPU
		{9E3D9821-C9B9-49A3-B1B9-8BCC72F57EB5}.Release|Any CPU.Build.0 = Release|Any CPU
	EndGlobalSection
	GlobalSection(SolutionProperties) = preSolution
		HideSolutionNode = FALSE
	EndGlobalSection
	GlobalSection(ExtensibilityGlobals) = postSolution
		SolutionGuid = {87CA743B-46C1-41DE-A035-433CC4558EE2}
	EndGlobalSection
EndGlobal
